
Microsoft Visual Studio Solution File, Format Version 12.00
# Visual Studio Version 16
VisualStudioVersion = 16.0.30011.22
MinimumVisualStudioVersion = 10.0.40219.1
Project("{8BC9CEB8-8B4A-11D0-8D11-00A0C91BC942}") = "0617-1", "0617-1\0617-1.vcxproj", "{A48FC425-D782-4336-A2B6-028D0E15ED7B}"
EndProject
Global
	GlobalSection(SolutionConfigurationPlatforms) = preSolution
		Debug|x64 = Debug|x64
		Debug|x86 = Debug|x86
		Release|x64 = Release|x64
		Release|x86 = Release|x86
	EndGlobalSection
	GlobalSection(ProjectConfigurationPlatforms) = postSolution
		{A48FC425-D782-4336-A2B6-028D0E15ED7B}.Debug|x64.ActiveCfg = Debug|x64
		{A48FC425-D782-4336-A2B6-028D0E15ED7B}.Debug|x64.Build.0 = Debug|x64
		{A48FC425-D782-4336-A2B6-028D0E15ED7B}.Debug|x86.ActiveCfg = Debug|Win32
		{A48FC425-D782-4336-A2B6-028D0E15ED7B}.Debug|x86.Build.0 = Debug|Win32
		{A48FC425-D782-4336-A2B6-028D0E15ED7B}.Release|x64.ActiveCfg = Release|x64
		{A48FC425-D782-4336-A2B6-028D0E15ED7B}.Release|x64.Build.0 = Release|x64
		{A48FC425-D782-4336-A2B6-028D0E15ED7B}.Release|x86.ActiveCfg = Release|Win32
		{A48FC425-D782-4336-A2B6-028D0E15ED7B}.Release|x86.Build.0 = Release|Win32
	EndGlobalSection
	GlobalSection(SolutionProperties) = preSolution
		HideSolutionNode = FALSE
	EndGlobalSection
	GlobalSection(ExtensibilityGlobals) = postSolution
		SolutionGuid = {6136E231-1B77-4E4B-8CC2-AE6513E92198}
	EndGlobalSection
EndGlobal
