
Microsoft Visual Studio Solution File, Format Version 12.00
# Visual Studio Version 16
VisualStudioVersion = 16.0.30011.22
MinimumVisualStudioVersion = 10.0.40219.1
Project("{8BC9CEB8-8B4A-11D0-8D11-00A0C91BC942}") = "0422", "0422\0422.vcxproj", "{8934F0DE-A503-4F96-A954-DE179ED7AD5F}"
EndProject
Global
	GlobalSection(SolutionConfigurationPlatforms) = preSolution
		Debug|x64 = Debug|x64
		Debug|x86 = Debug|x86
		Release|x64 = Release|x64
		Release|x86 = Release|x86
	EndGlobalSection
	GlobalSection(ProjectConfigurationPlatforms) = postSolution
		{8934F0DE-A503-4F96-A954-DE179ED7AD5F}.Debug|x64.ActiveCfg = Debug|x64
		{8934F0DE-A503-4F96-A954-DE179ED7AD5F}.Debug|x64.Build.0 = Debug|x64
		{8934F0DE-A503-4F96-A954-DE179ED7AD5F}.Debug|x86.ActiveCfg = Debug|Win32
		{8934F0DE-A503-4F96-A954-DE179ED7AD5F}.Debug|x86.Build.0 = Debug|Win32
		{8934F0DE-A503-4F96-A954-DE179ED7AD5F}.Release|x64.ActiveCfg = Release|x64
		{8934F0DE-A503-4F96-A954-DE179ED7AD5F}.Release|x64.Build.0 = Release|x64
		{8934F0DE-A503-4F96-A954-DE179ED7AD5F}.Release|x86.ActiveCfg = Release|Win32
		{8934F0DE-A503-4F96-A954-DE179ED7AD5F}.Release|x86.Build.0 = Release|Win32
	EndGlobalSection
	GlobalSection(SolutionProperties) = preSolution
		HideSolutionNode = FALSE
	EndGlobalSection
	GlobalSection(ExtensibilityGlobals) = postSolution
		SolutionGuid = {7D2E9ECC-6B7B-45B7-BD74-324CE6C3105B}
	EndGlobalSection
EndGlobal
